// !$*UTF8*$!
{
	archiveVersion = 1;
	classes = {
	};
	objectVersion = 48;
	objects = {

/* Begin PBXBuildFile section */
		074EDAA3200F4AA800B748E9 /* MemeTableViewCell.swift in Sources */ = {isa = PBXBuildFile; fileRef = 074EDAA2200F4AA800B748E9 /* MemeTableViewCell.swift */; };
		07531087200EA0810082D769 /* Meme.swift in Sources */ = {isa = PBXBuildFile; fileRef = 07531086200EA0810082D769 /* Meme.swift */; };
		07531089200EAB8C0082D769 /* MemeCollectionViewCell.swift in Sources */ = {isa = PBXBuildFile; fileRef = 07531088200EAB8C0082D769 /* MemeCollectionViewCell.swift */; };
		96DFFFBF200AED8100EEAF2F /* AppDelegate.swift in Sources */ = {isa = PBXBuildFile; fileRef = 96DFFFBE200AED8100EEAF2F /* AppDelegate.swift */; };
		96DFFFC1200AED8100EEAF2F /* ViewController.swift in Sources */ = {isa = PBXBuildFile; fileRef = 96DFFFC0200AED8100EEAF2F /* ViewController.swift */; };
		96DFFFC4200AED8100EEAF2F /* Main.storyboard in Resources */ = {isa = PBXBuildFile; fileRef = 96DFFFC2200AED8100EEAF2F /* Main.storyboard */; };
		96DFFFC6200AED8100EEAF2F /* Assets.xcassets in Resources */ = {isa = PBXBuildFile; fileRef = 96DFFFC5200AED8100EEAF2F /* Assets.xcassets */; };
		96DFFFC9200AED8100EEAF2F /* LaunchScreen.storyboard in Resources */ = {isa = PBXBuildFile; fileRef = 96DFFFC7200AED8100EEAF2F /* LaunchScreen.storyboard */; };
		96DFFFD1200AEDE300EEAF2F /* MemeEditorVC.swift in Sources */ = {isa = PBXBuildFile; fileRef = 96DFFFD0200AEDE300EEAF2F /* MemeEditorVC.swift */; };
		96DFFFD3200AEE1600EEAF2F /* MemeCollectionVC.swift in Sources */ = {isa = PBXBuildFile; fileRef = 96DFFFD2200AEE1600EEAF2F /* MemeCollectionVC.swift */; };
		96DFFFD5200AEE3B00EEAF2F /* MemeTableVC.swift in Sources */ = {isa = PBXBuildFile; fileRef = 96DFFFD4200AEE3B00EEAF2F /* MemeTableVC.swift */; };
/* End PBXBuildFile section */

/* Begin PBXFileReference section */
		074EDAA2200F4AA800B748E9 /* MemeTableViewCell.swift */ = {isa = PBXFileReference; lastKnownFileType = sourcecode.swift; path = MemeTableViewCell.swift; sourceTree = "<group>"; };
		07531086200EA0810082D769 /* Meme.swift */ = {isa = PBXFileReference; lastKnownFileType = sourcecode.swift; path = Meme.swift; sourceTree = "<group>"; };
		07531088200EAB8C0082D769 /* MemeCollectionViewCell.swift */ = {isa = PBXFileReference; lastKnownFileType = sourcecode.swift; path = MemeCollectionViewCell.swift; sourceTree = "<group>"; };
		96DFFFBB200AED8100EEAF2F /* Meme2.0.app */ = {isa = PBXFileReference; explicitFileType = wrapper.application; includeInIndex = 0; path = Meme2.0.app; sourceTree = BUILT_PRODUCTS_DIR; };
		96DFFFBE200AED8100EEAF2F /* AppDelegate.swift */ = {isa = PBXFileReference; lastKnownFileType = sourcecode.swift; path = AppDelegate.swift; sourceTree = "<group>"; };
		96DFFFC0200AED8100EEAF2F /* ViewController.swift */ = {isa = PBXFileReference; lastKnownFileType = sourcecode.swift; path = ViewController.swift; sourceTree = "<group>"; };
		96DFFFC3200AED8100EEAF2F /* Base */ = {isa = PBXFileReference; lastKnownFileType = file.storyboard; name = Base; path = Base.lproj/Main.storyboard; sourceTree = "<group>"; };
		96DFFFC5200AED8100EEAF2F /* Assets.xcassets */ = {isa = PBXFileReference; lastKnownFileType = folder.assetcatalog; path = Assets.xcassets; sourceTree = "<group>"; };
		96DFFFC8200AED8100EEAF2F /* Base */ = {isa = PBXFileReference; lastKnownFileType = file.storyboard; name = Base; path = Base.lproj/LaunchScreen.storyboard; sourceTree = "<group>"; };
		96DFFFCA200AED8100EEAF2F /* Info.plist */ = {isa = PBXFileReference; lastKnownFileType = text.plist.xml; path = Info.plist; sourceTree = "<group>"; };
		96DFFFD0200AEDE300EEAF2F /* MemeEditorVC.swift */ = {isa = PBXFileReference; lastKnownFileType = sourcecode.swift; path = MemeEditorVC.swift; sourceTree = "<group>"; };
		96DFFFD2200AEE1600EEAF2F /* MemeCollectionVC.swift */ = {isa = PBXFileReference; lastKnownFileType = sourcecode.swift; path = MemeCollectionVC.swift; sourceTree = "<group>"; };
		96DFFFD4200AEE3B00EEAF2F /* MemeTableVC.swift */ = {isa = PBXFileReference; lastKnownFileType = sourcecode.swift; path = MemeTableVC.swift; sourceTree = "<group>"; };
/* End PBXFileReference section */

/* Begin PBXFrameworksBuildPhase section */
		96DFFFB8200AED8100EEAF2F /* Frameworks */ = {
			isa = PBXFrameworksBuildPhase;
			buildActionMask = 2147483647;
			files = (
			);
			runOnlyForDeploymentPostprocessing = 0;
		};
/* End PBXFrameworksBuildPhase section */

/* Begin PBXGroup section */
		96DFFFB2200AED8100EEAF2F = {
			isa = PBXGroup;
			children = (
				96DFFFBD200AED8100EEAF2F /* Meme2.0 */,
				96DFFFBC200AED8100EEAF2F /* Products */,
			);
			sourceTree = "<group>";
		};
		96DFFFBC200AED8100EEAF2F /* Products */ = {
			isa = PBXGroup;
			children = (
				96DFFFBB200AED8100EEAF2F /* Meme2.0.app */,
			);
			name = Products;
			sourceTree = "<group>";
		};
		96DFFFBD200AED8100EEAF2F /* Meme2.0 */ = {
			isa = PBXGroup;
			children = (
				96DFFFBE200AED8100EEAF2F /* AppDelegate.swift */,
				07531086200EA0810082D769 /* Meme.swift */,
				96DFFFC0200AED8100EEAF2F /* ViewController.swift */,
				96DFFFC2200AED8100EEAF2F /* Main.storyboard */,
				96DFFFD0200AEDE300EEAF2F /* MemeEditorVC.swift */,
				96DFFFD2200AEE1600EEAF2F /* MemeCollectionVC.swift */,
				07531088200EAB8C0082D769 /* MemeCollectionViewCell.swift */,
				96DFFFD4200AEE3B00EEAF2F /* MemeTableVC.swift */,
				074EDAA2200F4AA800B748E9 /* MemeTableViewCell.swift */,
				96DFFFC5200AED8100EEAF2F /* Assets.xcassets */,
				96DFFFC7200AED8100EEAF2F /* LaunchScreen.storyboard */,
				96DFFFCA200AED8100EEAF2F /* Info.plist */,
			);
			path = Meme2.0;
			sourceTree = "<group>";
		};
/* End PBXGroup section */

/* Begin PBXNativeTarget section */
		96DFFFBA200AED8100EEAF2F /* Meme2.0 */ = {
			isa = PBXNativeTarget;
			buildConfigurationList = 96DFFFCD200AED8100EEAF2F /* Build configuration list for PBXNativeTarget "Meme2.0" */;
			buildPhases = (
				96DFFFB7200AED8100EEAF2F /* Sources */,
				96DFFFB8200AED8100EEAF2F /* Frameworks */,
				96DFFFB9200AED8100EEAF2F /* Resources */,
			);
			buildRules = (
			);
			dependencies = (
			);
			name = Meme2.0;
			productName = Meme2.0;
			productReference = 96DFFFBB200AED8100EEAF2F /* Meme2.0.app */;
			productType = "com.apple.product-type.application";
		};
/* End PBXNativeTarget section */

/* Begin PBXProject section */
		96DFFFB3200AED8100EEAF2F /* Project object */ = {
			isa = PBXProject;
			attributes = {
				LastSwiftUpdateCheck = 0920;
				LastUpgradeCheck = 0920;
				ORGANIZATIONNAME = "The book";
				TargetAttributes = {
					96DFFFBA200AED8100EEAF2F = {
						CreatedOnToolsVersion = 9.2;
						ProvisioningStyle = Automatic;
					};
				};
			};
			buildConfigurationList = 96DFFFB6200AED8100EEAF2F /* Build configuration list for PBXProject "Meme2.0" */;
			compatibilityVersion = "Xcode 8.0";
			developmentRegion = en;
			hasScannedForEncodings = 0;
			knownRegions = (
				en,
				Base,
			);
			mainGroup = 96DFFFB2200AED8100EEAF2F;
			productRefGroup = 96DFFFBC200AED8100EEAF2F /* Products */;
			projectDirPath = "";
			projectRoot = "";
			targets = (
				96DFFFBA200AED8100EEAF2F /* Meme2.0 */,
			);
		};
/* End PBXProject section */

/* Begin PBXResourcesBuildPhase section */
		96DFFFB9200AED8100EEAF2F /* Resources */ = {
			isa = PBXResourcesBuildPhase;
			buildActionMask = 2147483647;
			files = (
				96DFFFC9200AED8100EEAF2F /* LaunchScreen.storyboard in Resources */,
				96DFFFC6200AED8100EEAF2F /* Assets.xcassets in Resources */,
				96DFFFC4200AED8100EEAF2F /* Main.storyboard in Resources */,
			);
			runOnlyForDeploymentPostprocessing = 0;
		};
/* End PBXResourcesBuildPhase section */

/* Begin PBXSourcesBuildPhase section */
		96DFFFB7200AED8100EEAF2F /* Sources */ = {
			isa = PBXSourcesBuildPhase;
			buildActionMask = 2147483647;
			files = (
				96DFFFD1200AEDE300EEAF2F /* MemeEditorVC.swift in Sources */,
				074EDAA3200F4AA800B748E9 /* MemeTableViewCell.swift in Sources */,
				96DFFFC1200AED8100EEAF2F /* ViewController.swift in Sources */,
				96DFFFD3200AEE1600EEAF2F /* MemeCollectionVC.swift in Sources */,
				07531087200EA0810082D769 /* Meme.swift in Sources */,
				07531089200EAB8C0082D769 /* MemeCollectionViewCell.swift in Sources */,
				96DFFFD5200AEE3B00EEAF2F /* MemeTableVC.swift in Sources */,
				96DFFFBF200AED8100EEAF2F /* AppDelegate.swift in Sources */,
			);
			runOnlyForDeploymentPostprocessing = 0;
		};
/* End PBXSourcesBuildPhase section */

/* Begin PBXVariantGroup section */
		96DFFFC2200AED8100EEAF2F /* Main.storyboard */ = {
			isa = PBXVariantGroup;
			children = (
				96DFFFC3200AED8100EEAF2F /* Base */,
			);
			name = Main.storyboard;
			sourceTree = "<group>";
		};
		96DFFFC7200AED8100EEAF2F /* LaunchScreen.storyboard */ = {
			isa = PBXVariantGroup;
			children = (
				96DFFFC8200AED8100EEAF2F /* Base */,
			);
			name = LaunchScreen.storyboard;
			sourceTree = "<group>";
		};
/* End PBXVariantGroup section */

/* Begin XCBuildConfiguration section */
		96DFFFCB200AED8100EEAF2F /* Debug */ = {
			isa = XCBuildConfiguration;
			buildSettings = {
				ALWAYS_SEARCH_USER_PATHS = NO;
				CLANG_ANALYZER_NONNULL = YES;
				CLANG_ANALYZER_NUMBER_OBJECT_CONVERSION = YES_AGGRESSIVE;
				CLANG_CXX_LANGUAGE_STANDARD = "gnu++14";
				CLANG_CXX_LIBRARY = "libc++";
				CLANG_ENABLE_MODULES = YES;
				CLANG_ENABLE_OBJC_ARC = YES;
				CLANG_WARN_BLOCK_CAPTURE_AUTORELEASING = YES;
				CLANG_WARN_BOOL_CONVERSION = YES;
				CLANG_WARN_COMMA = YES;
				CLANG_WARN_CONSTANT_CONVERSION = YES;
				CLANG_WARN_DIRECT_OBJC_ISA_USAGE = YES_ERROR;
				CLANG_WARN_DOCUMENTATION_COMMENTS = YES;
				CLANG_WARN_EMPTY_BODY = YES;
				CLANG_WARN_ENUM_CONVERSION = YES;
				CLANG_WARN_INFINITE_RECURSION = YES;
				CLANG_WARN_INT_CONVERSION = YES;
				CLANG_WARN_NON_LITERAL_NULL_CONVERSION = YES;
				CLANG_WARN_OBJC_LITERAL_CONVERSION = YES;
				CLANG_WARN_OBJC_ROOT_CLASS = YES_ERROR;
				CLANG_WARN_RANGE_LOOP_ANALYSIS = YES;
				CLANG_WARN_STRICT_PROTOTYPES = YES;
				CLANG_WARN_SUSPICIOUS_MOVE = YES;
				CLANG_WARN_UNGUARDED_AVAILABILITY = YES_AGGRESSIVE;
				CLANG_WARN_UNREACHABLE_CODE = YES;
				CLANG_WARN__DUPLICATE_METHOD_MATCH = YES;
				CODE_SIGN_IDENTITY = "iPhone Developer";
				COPY_PHASE_STRIP = NO;
				DEBUG_INFORMATION_FORMAT = dwarf;
				ENABLE_STRICT_OBJC_MSGSEND = YES;
				ENABLE_TESTABILITY = YES;
				GCC_C_LANGUAGE_STANDARD = gnu11;
				GCC_DYNAMIC_NO_PIC = NO;
				GCC_NO_COMMON_BLOCKS = YES;
				GCC_OPTIMIZATION_LEVEL = 0;
				GCC_PREPROCESSOR_DEFINITIONS = (
					"DEBUG=1",
					"$(inherited)",
				);
				GCC_WARN_64_TO_32_BIT_CONVERSION = YES;
				GCC_WARN_ABOUT_RETURN_TYPE = YES_ERROR;
				GCC_WARN_UNDECLARED_SELECTOR = YES;
				GCC_WARN_UNINITIALIZED_AUTOS = YES_AGGRESSIVE;
				GCC_WARN_UNUSED_FUNCTION = YES;
				GCC_WARN_UNUSED_VARIABLE = YES;
				IPHONEOS_DEPLOYMENT_TARGET = 11.2;
				MTL_ENABLE_DEBUG_INFO = YES;
				ONLY_ACTIVE_ARCH = YES;
				SDKROOT = iphoneos;
				SWIFT_ACTIVE_COMPILATION_CONDITIONS = DEBUG;
				SWIFT_OPTIMIZATION_LEVEL = "-Onone";
			};
			name = Debug;
		};
		96DFFFCC200AED8100EEAF2F /* Release */ = {
			isa = XCBuildConfiguration;
			buildSettings = {
				ALWAYS_SEARCH_USER_PATHS = NO;
				CLANG_ANALYZER_NONNULL = YES;
				CLANG_ANALYZER_NUMBER_OBJECT_CONVERSION = YES_AGGRESSIVE;
				CLANG_CXX_LANGUAGE_STANDARD = "gnu++14";
				CLANG_CXX_LIBRARY = "libc++";
				CLANG_ENABLE_MODULES = YES;
				CLANG_ENABLE_OBJC_ARC = YES;
				CLANG_WARN_BLOCK_CAPTURE_AUTORELEASING = YES;
				CLANG_WARN_BOOL_CONVERSION = YES;
				CLANG_WARN_COMMA = YES;
				CLANG_WARN_CONSTANT_CONVERSION = YES;
				CLANG_WARN_DIRECT_OBJC_ISA_USAGE = YES_ERROR;
				CLANG_WARN_DOCUMENTATION_COMMENTS = YES;
				CLANG_WARN_EMPTY_BODY = YES;
				CLANG_WARN_ENUM_CONVERSION = YES;
				CLANG_WARN_INFINITE_RECURSION = YES;
				CLANG_WARN_INT_CONVERSION = YES;
				CLANG_WARN_NON_LITERAL_NULL_CONVERSION = YES;
				CLANG_WARN_OBJC_LITERAL_CONVERSION = YES;
				CLANG_WARN_OBJC_ROOT_CLASS = YES_ERROR;
				CLANG_WARN_RANGE_LOOP_ANALYSIS = YES;
				CLANG_WARN_STRICT_PROTOTYPES = YES;
				CLANG_WARN_SUSPICIOUS_MOVE = YES;
				CLANG_WARN_UNGUARDED_AVAILABILITY = YES_AGGRESSIVE;
				CLANG_WARN_UNREACHABLE_CODE = YES;
				CLANG_WARN__DUPLICATE_METHOD_MATCH = YES;
				CODE_SIGN_IDENTITY = "iPhone Developer";
				COPY_PHASE_STRIP = NO;
				DEBUG_INFORMATION_FORMAT = "dwarf-with-dsym";
				ENABLE_NS_ASSERTIONS = NO;
				ENABLE_STRICT_OBJC_MSGSEND = YES;
				GCC_C_LANGUAGE_STANDARD = gnu11;
				GCC_NO_COMMON_BLOCKS = YES;
				GCC_WARN_64_TO_32_BIT_CONVERSION = YES;
				GCC_WARN_ABOUT_RETURN_TYPE = YES_ERROR;
				GCC_WARN_UNDECLARED_SELECTOR = YES;
				GCC_WARN_UNINITIALIZED_AUTOS = YES_AGGRESSIVE;
				GCC_WARN_UNUSED_FUNCTION = YES;
				GCC_WARN_UNUSED_VARIABLE = YES;
				IPHONEOS_DEPLOYMENT_TARGET = 11.2;
				MTL_ENABLE_DEBUG_INFO = NO;
				SDKROOT = iphoneos;
				SWIFT_OPTIMIZATION_LEVEL = "-Owholemodule";
				VALIDATE_PRODUCT = YES;
			};
			name = Release;
		};
		96DFFFCE200AED8100EEAF2F /* Debug */ = {
			isa = XCBuildConfiguration;
			buildSettings = {
				CODE_SIGN_STYLE = Automatic;
				DEVELOPMENT_TEAM = 6UFY22SQMW;
				INFOPLIST_FILE = Meme2.0/Info.plist;
				LD_RUNPATH_SEARCH_PATHS = "$(inherited) @executable_path/Frameworks";
				PRODUCT_BUNDLE_IDENTIFIER = "jisungs.Meme2-0";
				PRODUCT_NAME = "$(TARGET_NAME)";
				SWIFT_VERSION = 4.0;
				TARGETED_DEVICE_FAMILY = "1,2";
			};
			name = Debug;
		};
		96DFFFCF200AED8100EEAF2F /* Release */ = {
			isa = XCBuildConfiguration;
			buildSettings = {
				CODE_SIGN_STYLE = Automatic;
				DEVELOPMENT_TEAM = 6UFY22SQMW;
				INFOPLIST_FILE = Meme2.0/Info.plist;
				LD_RUNPATH_SEARCH_PATHS = "$(inherited) @executable_path/Frameworks";
				PRODUCT_BUNDLE_IDENTIFIER = "jisungs.Meme2-0";
				PRODUCT_NAME = "$(TARGET_NAME)";
				SWIFT_VERSION = 4.0;
				TARGETED_DEVICE_FAMILY = "1,2";
			};
			name = Release;
		};
/* End XCBuildConfiguration section */

/* Begin XCConfigurationList section */
		96DFFFB6200AED8100EEAF2F /* Build configuration list for PBXProject "Meme2.0" */ = {
			isa = XCConfigurationList;
			buildConfigurations = (
				96DFFFCB200AED8100EEAF2F /* Debug */,
				96DFFFCC200AED8100EEAF2F /* Release */,
			);
			defaultConfigurationIsVisible = 0;
			defaultConfigurationName = Release;
		};
		96DFFFCD200AED8100EEAF2F /* Build configuration list for PBXNativeTarget "Meme2.0" */ = {
			isa = XCConfigurationList;
			buildConfigurations = (
				96DFFFCE200AED8100EEAF2F /* Debug */,
				96DFFFCF200AED8100EEAF2F /* Release */,
			);
			defaultConfigurationIsVisible = 0;
			defaultConfigurationName = Release;
		};
/* End XCConfigurationList section */
	};
	rootObject = 96DFFFB3200AED8100EEAF2F /* Project object */;
}
